
Microsoft Visual Studio Solution File, Format Version 12.00
# Visual Studio Version 16
VisualStudioVersion = 16.0.31129.286
MinimumVisualStudioVersion = 10.0.40219.1
Project("{8BC9CEB8-8B4A-11D0-8D11-00A0C91BC942}") = "E34", "E34\E34.vcxproj", "{E75F6B8C-6BC0-4E9F-971C-D00CB383B626}"
EndProject
Global
	GlobalSection(SolutionConfigurationPlatforms) = preSolution
		Debug|x64 = Debug|x64
		Debug|x86 = Debug|x86
		Release|x64 = Release|x64
		Release|x86 = Release|x86
	EndGlobalSection
	GlobalSection(ProjectConfigurationPlatforms) = postSolution
		{E75F6B8C-6BC0-4E9F-971C-D00CB383B626}.Debug|x64.ActiveCfg = Debug|x64
		{E75F6B8C-6BC0-4E9F-971C-D00CB383B626}.Debug|x64.Build.0 = Debug|x64
		{E75F6B8C-6BC0-4E9F-971C-D00CB383B626}.Debug|x86.ActiveCfg = Debug|Win32
		{E75F6B8C-6BC0-4E9F-971C-D00CB383B626}.Debug|x86.Build.0 = Debug|Win32
		{E75F6B8C-6BC0-4E9F-971C-D00CB383B626}.Release|x64.ActiveCfg = Release|x64
		{E75F6B8C-6BC0-4E9F-971C-D00CB383B626}.Release|x64.Build.0 = Release|x64
		{E75F6B8C-6BC0-4E9F-971C-D00CB383B626}.Release|x86.ActiveCfg = Release|Win32
		{E75F6B8C-6BC0-4E9F-971C-D00CB383B626}.Release|x86.Build.0 = Release|Win32
	EndGlobalSection
	GlobalSection(SolutionProperties) = preSolution
		HideSolutionNode = FALSE
	EndGlobalSection
	GlobalSection(ExtensibilityGlobals) = postSolution
		SolutionGuid = {5F301973-3642-473A-B635-C2BAFC4FE0C4}
	EndGlobalSection
EndGlobal
